
Microsoft Visual Studio Solution File, Format Version 12.00
# Visual Studio Version 16
VisualStudioVersion = 16.0.30611.23
MinimumVisualStudioVersion = 10.0.40219.1
Project("{FAE04EC0-301F-11D3-BF4B-00C04F79EFBC}") = "3rdTask-ReferenceTypeExample", "3rdTask-ReferenceTypeExample\3rdTask-ReferenceTypeExample.csproj", "{1C3C52C8-A3DE-44FA-B36B-C4B250448932}"
EndProject
Global
	GlobalSection(SolutionConfigurationPlatforms) = preSolution
		Debug|Any CPU = Debug|Any CPU
		Release|Any CPU = Release|Any CPU
	EndGlobalSection
	GlobalSection(ProjectConfigurationPlatforms) = postSolution
		{1C3C52C8-A3DE-44FA-B36B-C4B250448932}.Debug|Any CPU.ActiveCfg = Debug|Any CPU
		{1C3C52C8-A3DE-44FA-B36B-C4B250448932}.Debug|Any CPU.Build.0 = Debug|Any CPU
		{1C3C52C8-A3DE-44FA-B36B-C4B250448932}.Release|Any CPU.ActiveCfg = Release|Any CPU
		{1C3C52C8-A3DE-44FA-B36B-C4B250448932}.Release|Any CPU.Build.0 = Release|Any CPU
	EndGlobalSection
	GlobalSection(SolutionProperties) = preSolution
		HideSolutionNode = FALSE
	EndGlobalSection
	GlobalSection(ExtensibilityGlobals) = postSolution
		SolutionGuid = {53ABF0AA-FF3B-4723-B8FA-DF6ACB1CFB4E}
	EndGlobalSection
EndGlobal
