
Microsoft Visual Studio Solution File, Format Version 12.00
# Visual Studio Version 16
VisualStudioVersion = 16.0.30611.23
MinimumVisualStudioVersion = 10.0.40219.1
Project("{FAE04EC0-301F-11D3-BF4B-00C04F79EFBC}") = "LabTask1_AddTwoNumbers", "LabTask1_AddTwoNumbers\LabTask1_AddTwoNumbers.csproj", "{C51E813D-EEE4-4538-A4E5-195D4B8382FE}"
EndProject
Global
	GlobalSection(SolutionConfigurationPlatforms) = preSolution
		Debug|Any CPU = Debug|Any CPU
		Release|Any CPU = Release|Any CPU
	EndGlobalSection
	GlobalSection(ProjectConfigurationPlatforms) = postSolution
		{C51E813D-EEE4-4538-A4E5-195D4B8382FE}.Debug|Any CPU.ActiveCfg = Debug|Any CPU
		{C51E813D-EEE4-4538-A4E5-195D4B8382FE}.Debug|Any CPU.Build.0 = Debug|Any CPU
		{C51E813D-EEE4-4538-A4E5-195D4B8382FE}.Release|Any CPU.ActiveCfg = Release|Any CPU
		{C51E813D-EEE4-4538-A4E5-195D4B8382FE}.Release|Any CPU.Build.0 = Release|Any CPU
	EndGlobalSection
	GlobalSection(SolutionProperties) = preSolution
		HideSolutionNode = FALSE
	EndGlobalSection
	GlobalSection(ExtensibilityGlobals) = postSolution
		SolutionGuid = {8E3680CB-CA2A-42B9-B640-FC3FC00C6077}
	EndGlobalSection
EndGlobal
