
Microsoft Visual Studio Solution File, Format Version 10.00
# Visual Studio 2008
Project("{FAE04EC0-301F-11D3-BF4B-00C04F79EFBC}") = "HelloWorld", "HelloWorld\HelloWorld.csproj", "{87D4F604-ADB0-4319-A52C-ED4347D69AEE}"
EndProject
Global
	GlobalSection(SolutionConfigurationPlatforms) = preSolution
		Debug|Any CPU = Debug|Any CPU
		Release|Any CPU = Release|Any CPU
	EndGlobalSection
	GlobalSection(ProjectConfigurationPlatforms) = postSolution
		{87D4F604-ADB0-4319-A52C-ED4347D69AEE}.Debug|Any CPU.ActiveCfg = Debug|Any CPU
		{87D4F604-ADB0-4319-A52C-ED4347D69AEE}.Debug|Any CPU.Build.0 = Debug|Any CPU
		{87D4F604-ADB0-4319-A52C-ED4347D69AEE}.Release|Any CPU.ActiveCfg = Release|Any CPU
		{87D4F604-ADB0-4319-A52C-ED4347D69AEE}.Release|Any CPU.Build.0 = Release|Any CPU
	EndGlobalSection
	GlobalSection(SolutionProperties) = preSolution
		HideSolutionNode = FALSE
	EndGlobalSection
EndGlobal
