
Microsoft Visual Studio Solution File, Format Version 12.00
# Visual Studio Version 16
VisualStudioVersion = 16.0.30611.23
MinimumVisualStudioVersion = 10.0.40219.1
Project("{FAE04EC0-301F-11D3-BF4B-00C04F79EFBC}") = "AssignmentTask1", "AssignmentTask1\AssignmentTask1.csproj", "{3C2E80D9-9308-44A3-B295-D18C65D72571}"
EndProject
Global
	GlobalSection(SolutionConfigurationPlatforms) = preSolution
		Debug|Any CPU = Debug|Any CPU
		Release|Any CPU = Release|Any CPU
	EndGlobalSection
	GlobalSection(ProjectConfigurationPlatforms) = postSolution
		{3C2E80D9-9308-44A3-B295-D18C65D72571}.Debug|Any CPU.ActiveCfg = Debug|Any CPU
		{3C2E80D9-9308-44A3-B295-D18C65D72571}.Debug|Any CPU.Build.0 = Debug|Any CPU
		{3C2E80D9-9308-44A3-B295-D18C65D72571}.Release|Any CPU.ActiveCfg = Release|Any CPU
		{3C2E80D9-9308-44A3-B295-D18C65D72571}.Release|Any CPU.Build.0 = Release|Any CPU
	EndGlobalSection
	GlobalSection(SolutionProperties) = preSolution
		HideSolutionNode = FALSE
	EndGlobalSection
	GlobalSection(ExtensibilityGlobals) = postSolution
		SolutionGuid = {47897145-271C-45B3-BCB9-0C0D0091AA19}
	EndGlobalSection
EndGlobal
